dependencies:
- name: mysql-operator
  repository: https://mysql.github.io/mysql-operator/
  version: 2.1.5
- name: mysql-innodbcluster
  repository: https://mysql.github.io/mysql-operator/
  version: 2.1.5
digest: sha256:7994adefaeddcd0af6bc6557e9127df7d41d3fff83b77855bdc0b37ff1cc8950
generated: "2025-01-24T12:40:23.185495+08:00"
